
Microsoft Visual Studio Solution File, Format Version 12.00
# Visual Studio Version 17
VisualStudioVersion = 17.0.31903.59
MinimumVisualStudioVersion = 10.0.40219.1
Project("{FAE04EC0-301F-11D3-BF4B-00C04F79EFBC}") = "Day03.Cli", "Day03.Cli\Day03.Cli.csproj", "{AE642392-A97A-4B29-BBAC-CCEB83093F2F}"
EndProject
Project("{FAE04EC0-301F-11D3-BF4B-00C04F79EFBC}") = "Day03.Tests", "Day03.Tests\Day03.Tests.csproj", "{937B8315-B040-4A64-ADE1-EDD5D4F1EE26}"
EndProject
Global
	GlobalSection(SolutionConfigurationPlatforms) = preSolution
		Debug|Any CPU = Debug|Any CPU
		Release|Any CPU = Release|Any CPU
	EndGlobalSection
	GlobalSection(SolutionProperties) = preSolution
		HideSolutionNode = FALSE
	EndGlobalSection
	GlobalSection(ProjectConfigurationPlatforms) = postSolution
		{AE642392-A97A-4B29-BBAC-CCEB83093F2F}.Debug|Any CPU.ActiveCfg = Debug|Any CPU
		{AE642392-A97A-4B29-BBAC-CCEB83093F2F}.Debug|Any CPU.Build.0 = Debug|Any CPU
		{AE642392-A97A-4B29-BBAC-CCEB83093F2F}.Release|Any CPU.ActiveCfg = Release|Any CPU
		{AE642392-A97A-4B29-BBAC-CCEB83093F2F}.Release|Any CPU.Build.0 = Release|Any CPU
		{937B8315-B040-4A64-ADE1-EDD5D4F1EE26}.Debug|Any CPU.ActiveCfg = Debug|Any CPU
		{937B8315-B040-4A64-ADE1-EDD5D4F1EE26}.Debug|Any CPU.Build.0 = Debug|Any CPU
		{937B8315-B040-4A64-ADE1-EDD5D4F1EE26}.Release|Any CPU.ActiveCfg = Release|Any CPU
		{937B8315-B040-4A64-ADE1-EDD5D4F1EE26}.Release|Any CPU.Build.0 = Release|Any CPU
	EndGlobalSection
EndGlobal
